// !$*UTF8*$!
{
	archiveVersion = 1;
	classes = {
	};
	objectVersion = 56;
	objects = {

/* Begin PBXBuildFile section */
		36E1DE542A126DEF000F54CA /* todoListiAApp.swift in Sources */ = {isa = PBXBuildFile; fileRef = 36E1DE532A126DEF000F54CA /* todoListiAApp.swift */; };
		36E1DE582A126DF1000F54CA /* Assets.xcassets in Resources */ = {isa = PBXBuildFile; fileRef = 36E1DE572A126DF1000F54CA /* Assets.xcassets */; };
		36E1DE5B2A126DF1000F54CA /* Preview Assets.xcassets in Resources */ = {isa = PBXBuildFile; fileRef = 36E1DE5A2A126DF1000F54CA /* Preview Assets.xcassets */; };
		36E1DE632A126E49000F54CA /* FirebaseAuth in Frameworks */ = {isa = PBXBuildFile; productRef = 36E1DE622A126E49000F54CA /* FirebaseAuth */; };
		36E1DE652A126E49000F54CA /* FirebaseFirestore in Frameworks */ = {isa = PBXBuildFile; productRef = 36E1DE642A126E49000F54CA /* FirebaseFirestore */; };
		36E1DE672A126E49000F54CA /* FirebaseFirestoreSwift in Frameworks */ = {isa = PBXBuildFile; productRef = 36E1DE662A126E49000F54CA /* FirebaseFirestoreSwift */; };
		36E1DE692A126F32000F54CA /* GoogleService-Info.plist in Resources */ = {isa = PBXBuildFile; fileRef = 36E1DE682A126F32000F54CA /* GoogleService-Info.plist */; };
		36E1DE6F2A1270EF000F54CA /* ProfileView.swift in Sources */ = {isa = PBXBuildFile; fileRef = 36E1DE6E2A1270EF000F54CA /* ProfileView.swift */; };
		36E1DE712A1270FA000F54CA /* TodoListItemView.swift in Sources */ = {isa = PBXBuildFile; fileRef = 36E1DE702A1270FA000F54CA /* TodoListItemView.swift */; };
		36E1DE732A127112000F54CA /* NewItemView.swift in Sources */ = {isa = PBXBuildFile; fileRef = 36E1DE722A127112000F54CA /* NewItemView.swift */; };
		36E1DE752A12711B000F54CA /* LoginView.swift in Sources */ = {isa = PBXBuildFile; fileRef = 36E1DE742A12711B000F54CA /* LoginView.swift */; };
		36E1DE772A127125000F54CA /* RegisterView.swift in Sources */ = {isa = PBXBuildFile; fileRef = 36E1DE762A127125000F54CA /* RegisterView.swift */; };
		36E1DE7B2A1271ED000F54CA /* TodoListView.swift in Sources */ = {isa = PBXBuildFile; fileRef = 36E1DE7A2A1271ED000F54CA /* TodoListView.swift */; };
		36E1DE7D2A127281000F54CA /* User.swift in Sources */ = {isa = PBXBuildFile; fileRef = 36E1DE7C2A127281000F54CA /* User.swift */; };
		36E1DE982A12739B000F54CA /* MainViewViewModel.swift in Sources */ = {isa = PBXBuildFile; fileRef = 36E1DE972A12739B000F54CA /* MainViewViewModel.swift */; };
		36E1DE9A2A1273A4000F54CA /* ProfileViewViewModel.swift in Sources */ = {isa = PBXBuildFile; fileRef = 36E1DE992A1273A4000F54CA /* ProfileViewViewModel.swift */; };
		36E1DE9C2A1273AF000F54CA /* TodoListItemViewViewModel.swift in Sources */ = {isa = PBXBuildFile; fileRef = 36E1DE9B2A1273AF000F54CA /* TodoListItemViewViewModel.swift */; };
		36E1DE9E2A1273C4000F54CA /* NewItemViewViewModel.swift in Sources */ = {isa = PBXBuildFile; fileRef = 36E1DE9D2A1273C4000F54CA /* NewItemViewViewModel.swift */; };
		36E1DEA02A1273CB000F54CA /* LoginViewViewModel.swift in Sources */ = {isa = PBXBuildFile; fileRef = 36E1DE9F2A1273CB000F54CA /* LoginViewViewModel.swift */; };
		36E1DEA22A1273D3000F54CA /* RegisterViewViewModel.swift in Sources */ = {isa = PBXBuildFile; fileRef = 36E1DEA12A1273D3000F54CA /* RegisterViewViewModel.swift */; };
		36E1DEA42A1273DC000F54CA /* TodoListViewViewModel.swift in Sources */ = {isa = PBXBuildFile; fileRef = 36E1DEA32A1273DC000F54CA /* TodoListViewViewModel.swift */; };
		36E1DEA62A1275D9000F54CA /* HeaderView.swift in Sources */ = {isa = PBXBuildFile; fileRef = 36E1DEA52A1275D9000F54CA /* HeaderView.swift */; };
		36E1DEA82A127FB0000F54CA /* TLButton.swift in Sources */ = {isa = PBXBuildFile; fileRef = 36E1DEA72A127FB0000F54CA /* TLButton.swift */; };
		36E1DEAA2A1361E7000F54CA /* Extensions.swift in Sources */ = {isa = PBXBuildFile; fileRef = 36E1DEA92A1361E7000F54CA /* Extensions.swift */; };
		36FCC46A2A13AD4000C087E6 /* TodoListItem.swift in Sources */ = {isa = PBXBuildFile; fileRef = 36FCC4692A13AD4000C087E6 /* TodoListItem.swift */; };
		36FCC46C2A13AD4D00C087E6 /* MainView.swift in Sources */ = {isa = PBXBuildFile; fileRef = 36FCC46B2A13AD4D00C087E6 /* MainView.swift */; };
/* End PBXBuildFile section */

/* Begin PBXFileReference section */
		36E1DE502A126DEF000F54CA /* todoListiA.app */ = {isa = PBXFileReference; explicitFileType = wrapper.application; includeInIndex = 0; path = todoListiA.app; sourceTree = BUILT_PRODUCTS_DIR; };
		36E1DE532A126DEF000F54CA /* todoListiAApp.swift */ = {isa = PBXFileReference; lastKnownFileType = sourcecode.swift; path = todoListiAApp.swift; sourceTree = "<group>"; };
		36E1DE572A126DF1000F54CA /* Assets.xcassets */ = {isa = PBXFileReference; lastKnownFileType = folder.assetcatalog; path = Assets.xcassets; sourceTree = "<group>"; };
		36E1DE5A2A126DF1000F54CA /* Preview Assets.xcassets */ = {isa = PBXFileReference; lastKnownFileType = folder.assetcatalog; path = "Preview Assets.xcassets"; sourceTree = "<group>"; };
		36E1DE682A126F32000F54CA /* GoogleService-Info.plist */ = {isa = PBXFileReference; fileEncoding = 4; lastKnownFileType = text.plist.xml; path = "GoogleService-Info.plist"; sourceTree = "<group>"; };
		36E1DE6E2A1270EF000F54CA /* ProfileView.swift */ = {isa = PBXFileReference; lastKnownFileType = sourcecode.swift; path = ProfileView.swift; sourceTree = "<group>"; };
		36E1DE702A1270FA000F54CA /* TodoListItemView.swift */ = {isa = PBXFileReference; lastKnownFileType = sourcecode.swift; path = TodoListItemView.swift; sourceTree = "<group>"; };
		36E1DE722A127112000F54CA /* NewItemView.swift */ = {isa = PBXFileReference; lastKnownFileType = sourcecode.swift; path = NewItemView.swift; sourceTree = "<group>"; };
		36E1DE742A12711B000F54CA /* LoginView.swift */ = {isa = PBXFileReference; lastKnownFileType = sourcecode.swift; path = LoginView.swift; sourceTree = "<group>"; };
		36E1DE762A127125000F54CA /* RegisterView.swift */ = {isa = PBXFileReference; lastKnownFileType = sourcecode.swift; path = RegisterView.swift; sourceTree = "<group>"; };
		36E1DE7A2A1271ED000F54CA /* TodoListView.swift */ = {isa = PBXFileReference; lastKnownFileType = sourcecode.swift; path = TodoListView.swift; sourceTree = "<group>"; };
		36E1DE7C2A127281000F54CA /* User.swift */ = {isa = PBXFileReference; lastKnownFileType = sourcecode.swift; path = User.swift; sourceTree = "<group>"; };
		36E1DE972A12739B000F54CA /* MainViewViewModel.swift */ = {isa = PBXFileReference; lastKnownFileType = sourcecode.swift; path = MainViewViewModel.swift; sourceTree = "<group>"; };
		36E1DE992A1273A4000F54CA /* ProfileViewViewModel.swift */ = {isa = PBXFileReference; lastKnownFileType = sourcecode.swift; path = ProfileViewViewModel.swift; sourceTree = "<group>"; };
		36E1DE9B2A1273AF000F54CA /* TodoListItemViewViewModel.swift */ = {isa = PBXFileReference; lastKnownFileType = sourcecode.swift; path = TodoListItemViewViewModel.swift; sourceTree = "<group>"; };
		36E1DE9D2A1273C4000F54CA /* NewItemViewViewModel.swift */ = {isa = PBXFileReference; lastKnownFileType = sourcecode.swift; path = NewItemViewViewModel.swift; sourceTree = "<group>"; };
		36E1DE9F2A1273CB000F54CA /* LoginViewViewModel.swift */ = {isa = PBXFileReference; lastKnownFileType = sourcecode.swift; path = LoginViewViewModel.swift; sourceTree = "<group>"; };
		36E1DEA12A1273D3000F54CA /* RegisterViewViewModel.swift */ = {isa = PBXFileReference; lastKnownFileType = sourcecode.swift; path = RegisterViewViewModel.swift; sourceTree = "<group>"; };
		36E1DEA32A1273DC000F54CA /* TodoListViewViewModel.swift */ = {isa = PBXFileReference; lastKnownFileType = sourcecode.swift; path = TodoListViewViewModel.swift; sourceTree = "<group>"; };
		36E1DEA52A1275D9000F54CA /* HeaderView.swift */ = {isa = PBXFileReference; lastKnownFileType = sourcecode.swift; path = HeaderView.swift; sourceTree = "<group>"; };
		36E1DEA72A127FB0000F54CA /* TLButton.swift */ = {isa = PBXFileReference; lastKnownFileType = sourcecode.swift; path = TLButton.swift; sourceTree = "<group>"; };
		36E1DEA92A1361E7000F54CA /* Extensions.swift */ = {isa = PBXFileReference; lastKnownFileType = sourcecode.swift; path = Extensions.swift; sourceTree = "<group>"; };
		36FCC4692A13AD4000C087E6 /* TodoListItem.swift */ = {isa = PBXFileReference; lastKnownFileType = sourcecode.swift; path = TodoListItem.swift; sourceTree = "<group>"; };
		36FCC46B2A13AD4D00C087E6 /* MainView.swift */ = {isa = PBXFileReference; lastKnownFileType = sourcecode.swift; path = MainView.swift; sourceTree = "<group>"; };
/* End PBXFileReference section */

/* Begin PBXFrameworksBuildPhase section */
		36E1DE4D2A126DEF000F54CA /* Frameworks */ = {
			isa = PBXFrameworksBuildPhase;
			buildActionMask = 2147483647;
			files = (
				36E1DE632A126E49000F54CA /* FirebaseAuth in Frameworks */,
				36E1DE652A126E49000F54CA /* FirebaseFirestore in Frameworks */,
				36E1DE672A126E49000F54CA /* FirebaseFirestoreSwift in Frameworks */,
			);
			runOnlyForDeploymentPostprocessing = 0;
		};
/* End PBXFrameworksBuildPhase section */

/* Begin PBXGroup section */
		36E1DE472A126DEF000F54CA = {
			isa = PBXGroup;
			children = (
				36E1DE522A126DEF000F54CA /* todoListiA */,
				36E1DE512A126DEF000F54CA /* Products */,
			);
			sourceTree = "<group>";
		};
		36E1DE512A126DEF000F54CA /* Products */ = {
			isa = PBXGroup;
			children = (
				36E1DE502A126DEF000F54CA /* todoListiA.app */,
			);
			name = Products;
			sourceTree = "<group>";
		};
		36E1DE522A126DEF000F54CA /* todoListiA */ = {
			isa = PBXGroup;
			children = (
				36E1DE6D2A127010000F54CA /* Other */,
				36E1DE6B2A127001000F54CA /* Models */,
				36E1DE962A127382000F54CA /* ViewModels */,
				36E1DE6A2A126FED000F54CA /* Views */,
				36E1DE592A126DF1000F54CA /* Preview Content */,
			);
			path = todoListiA;
			sourceTree = "<group>";
		};
		36E1DE592A126DF1000F54CA /* Preview Content */ = {
			isa = PBXGroup;
			children = (
				36E1DE5A2A126DF1000F54CA /* Preview Assets.xcassets */,
			);
			path = "Preview Content";
			sourceTree = "<group>";
		};
		36E1DE6A2A126FED000F54CA /* Views */ = {
			isa = PBXGroup;
			children = (
				36FCC46B2A13AD4D00C087E6 /* MainView.swift */,
				36E1DE6E2A1270EF000F54CA /* ProfileView.swift */,
				36E1DE702A1270FA000F54CA /* TodoListItemView.swift */,
				36E1DE722A127112000F54CA /* NewItemView.swift */,
				36E1DE742A12711B000F54CA /* LoginView.swift */,
				36E1DE762A127125000F54CA /* RegisterView.swift */,
				36E1DE7A2A1271ED000F54CA /* TodoListView.swift */,
				36E1DEA52A1275D9000F54CA /* HeaderView.swift */,
				36E1DEA72A127FB0000F54CA /* TLButton.swift */,
			);
			path = Views;
			sourceTree = "<group>";
		};
		36E1DE6B2A127001000F54CA /* Models */ = {
			isa = PBXGroup;
			children = (
				36E1DE7C2A127281000F54CA /* User.swift */,
				36FCC4692A13AD4000C087E6 /* TodoListItem.swift */,
			);
			path = Models;
			sourceTree = "<group>";
		};
		36E1DE6D2A127010000F54CA /* Other */ = {
			isa = PBXGroup;
			children = (
				36E1DE572A126DF1000F54CA /* Assets.xcassets */,
				36E1DE682A126F32000F54CA /* GoogleService-Info.plist */,
				36E1DE532A126DEF000F54CA /* todoListiAApp.swift */,
				36E1DEA92A1361E7000F54CA /* Extensions.swift */,
			);
			path = Other;
			sourceTree = "<group>";
		};
		36E1DE962A127382000F54CA /* ViewModels */ = {
			isa = PBXGroup;
			children = (
				36E1DE972A12739B000F54CA /* MainViewViewModel.swift */,
				36E1DE9B2A1273AF000F54CA /* TodoListItemViewViewModel.swift */,
				36E1DE9D2A1273C4000F54CA /* NewItemViewViewModel.swift */,
				36E1DE9F2A1273CB000F54CA /* LoginViewViewModel.swift */,
				36E1DEA32A1273DC000F54CA /* TodoListViewViewModel.swift */,
				36E1DEA12A1273D3000F54CA /* RegisterViewViewModel.swift */,
				36E1DE992A1273A4000F54CA /* ProfileViewViewModel.swift */,
			);
			path = ViewModels;
			sourceTree = "<group>";
		};
/* End PBXGroup section */

/* Begin PBXNativeTarget section */
		36E1DE4F2A126DEF000F54CA /* todoListiA */ = {
			isa = PBXNativeTarget;
			buildConfigurationList = 36E1DE5E2A126DF1000F54CA /* Build configuration list for PBXNativeTarget "todoListiA" */;
			buildPhases = (
				36E1DE4C2A126DEF000F54CA /* Sources */,
				36E1DE4D2A126DEF000F54CA /* Frameworks */,
				36E1DE4E2A126DEF000F54CA /* Resources */,
			);
			buildRules = (
			);
			dependencies = (
			);
			name = todoListiA;
			packageProductDependencies = (
				36E1DE622A126E49000F54CA /* FirebaseAuth */,
				36E1DE642A126E49000F54CA /* FirebaseFirestore */,
				36E1DE662A126E49000F54CA /* FirebaseFirestoreSwift */,
			);
			productName = todoListiA;
			productReference = 36E1DE502A126DEF000F54CA /* todoListiA.app */;
			productType = "com.apple.product-type.application";
		};
/* End PBXNativeTarget section */

/* Begin PBXProject section */
		36E1DE482A126DEF000F54CA /* Project object */ = {
			isa = PBXProject;
			attributes = {
				BuildIndependentTargetsInParallel = 1;
				LastSwiftUpdateCheck = 1420;
				LastUpgradeCheck = 1420;
				TargetAttributes = {
					36E1DE4F2A126DEF000F54CA = {
						CreatedOnToolsVersion = 14.2;
					};
				};
			};
			buildConfigurationList = 36E1DE4B2A126DEF000F54CA /* Build configuration list for PBXProject "todoListiA" */;
			compatibilityVersion = "Xcode 14.0";
			developmentRegion = en;
			hasScannedForEncodings = 0;
			knownRegions = (
				en,
				Base,
			);
			mainGroup = 36E1DE472A126DEF000F54CA;
			packageReferences = (
				36E1DE612A126E49000F54CA /* XCRemoteSwiftPackageReference "firebase-ios-sdk" */,
			);
			productRefGroup = 36E1DE512A126DEF000F54CA /* Products */;
			projectDirPath = "";
			projectRoot = "";
			targets = (
				36E1DE4F2A126DEF000F54CA /* todoListiA */,
			);
		};
/* End PBXProject section */

/* Begin PBXResourcesBuildPhase section */
		36E1DE4E2A126DEF000F54CA /* Resources */ = {
			isa = PBXResourcesBuildPhase;
			buildActionMask = 2147483647;
			files = (
				36E1DE5B2A126DF1000F54CA /* Preview Assets.xcassets in Resources */,
				36E1DE582A126DF1000F54CA /* Assets.xcassets in Resources */,
				36E1DE692A126F32000F54CA /* GoogleService-Info.plist in Resources */,
			);
			runOnlyForDeploymentPostprocessing = 0;
		};
/* End PBXResourcesBuildPhase section */

/* Begin PBXSourcesBuildPhase section */
		36E1DE4C2A126DEF000F54CA /* Sources */ = {
			isa = PBXSourcesBuildPhase;
			buildActionMask = 2147483647;
			files = (
				36E1DEA62A1275D9000F54CA /* HeaderView.swift in Sources */,
				36E1DE752A12711B000F54CA /* LoginView.swift in Sources */,
				36E1DEA22A1273D3000F54CA /* RegisterViewViewModel.swift in Sources */,
				36E1DE9C2A1273AF000F54CA /* TodoListItemViewViewModel.swift in Sources */,
				36E1DE982A12739B000F54CA /* MainViewViewModel.swift in Sources */,
				36E1DEA82A127FB0000F54CA /* TLButton.swift in Sources */,
				36E1DE7B2A1271ED000F54CA /* TodoListView.swift in Sources */,
				36E1DE9A2A1273A4000F54CA /* ProfileViewViewModel.swift in Sources */,
				36E1DE712A1270FA000F54CA /* TodoListItemView.swift in Sources */,
				36FCC46A2A13AD4000C087E6 /* TodoListItem.swift in Sources */,
				36E1DE772A127125000F54CA /* RegisterView.swift in Sources */,
				36E1DE7D2A127281000F54CA /* User.swift in Sources */,
				36E1DEA02A1273CB000F54CA /* LoginViewViewModel.swift in Sources */,
				36FCC46C2A13AD4D00C087E6 /* MainView.swift in Sources */,
				36E1DE6F2A1270EF000F54CA /* ProfileView.swift in Sources */,
				36E1DEAA2A1361E7000F54CA /* Extensions.swift in Sources */,
				36E1DE542A126DEF000F54CA /* todoListiAApp.swift in Sources */,
				36E1DE732A127112000F54CA /* NewItemView.swift in Sources */,
				36E1DEA42A1273DC000F54CA /* TodoListViewViewModel.swift in Sources */,
				36E1DE9E2A1273C4000F54CA /* NewItemViewViewModel.swift in Sources */,
			);
			runOnlyForDeploymentPostprocessing = 0;
		};
/* End PBXSourcesBuildPhase section */

/* Begin XCBuildConfiguration section */
		36E1DE5C2A126DF1000F54CA /* Debug */ = {
			isa = XCBuildConfiguration;
			buildSettings = {
				ALWAYS_SEARCH_USER_PATHS = NO;
				CLANG_ANALYZER_NONNULL = YES;
				CLANG_ANALYZER_NUMBER_OBJECT_CONVERSION = YES_AGGRESSIVE;
				CLANG_CXX_LANGUAGE_STANDARD = "gnu++20";
				CLANG_ENABLE_MODULES = YES;
				CLANG_ENABLE_OBJC_ARC = YES;
				CLANG_ENABLE_OBJC_WEAK = YES;
				CLANG_WARN_BLOCK_CAPTURE_AUTORELEASING = YES;
				CLANG_WARN_BOOL_CONVERSION = YES;
				CLANG_WARN_COMMA = YES;
				CLANG_WARN_CONSTANT_CONVERSION = YES;
				CLANG_WARN_DEPRECATED_OBJC_IMPLEMENTATIONS = YES;
				CLANG_WARN_DIRECT_OBJC_ISA_USAGE = YES_ERROR;
				CLANG_WARN_DOCUMENTATION_COMMENTS = YES;
				CLANG_WARN_EMPTY_BODY = YES;
				CLANG_WARN_ENUM_CONVERSION = YES;
				CLANG_WARN_INFINITE_RECURSION = YES;
				CLANG_WARN_INT_CONVERSION = YES;
				CLANG_WARN_NON_LITERAL_NULL_CONVERSION = YES;
				CLANG_WARN_OBJC_IMPLICIT_RETAIN_SELF = YES;
				CLANG_WARN_OBJC_LITERAL_CONVERSION = YES;
				CLANG_WARN_OBJC_ROOT_CLASS = YES_ERROR;
				CLANG_WARN_QUOTED_INCLUDE_IN_FRAMEWORK_HEADER = YES;
				CLANG_WARN_RANGE_LOOP_ANALYSIS = YES;
				CLANG_WARN_STRICT_PROTOTYPES = YES;
				CLANG_WARN_SUSPICIOUS_MOVE = YES;
				CLANG_WARN_UNGUARDED_AVAILABILITY = YES_AGGRESSIVE;
				CLANG_WARN_UNREACHABLE_CODE = YES;
				CLANG_WARN__DUPLICATE_METHOD_MATCH = YES;
				COPY_PHASE_STRIP = NO;
				DEBUG_INFORMATION_FORMAT = dwarf;
				ENABLE_STRICT_OBJC_MSGSEND = YES;
				ENABLE_TESTABILITY = YES;
				GCC_C_LANGUAGE_STANDARD = gnu11;
				GCC_DYNAMIC_NO_PIC = NO;
				GCC_NO_COMMON_BLOCKS = YES;
				GCC_OPTIMIZATION_LEVEL = 0;
				GCC_PREPROCESSOR_DEFINITIONS = (
					"DEBUG=1",
					"$(inherited)",
				);
				GCC_WARN_64_TO_32_BIT_CONVERSION = YES;
				GCC_WARN_ABOUT_RETURN_TYPE = YES_ERROR;
				GCC_WARN_UNDECLARED_SELECTOR = YES;
				GCC_WARN_UNINITIALIZED_AUTOS = YES_AGGRESSIVE;
				GCC_WARN_UNUSED_FUNCTION = YES;
				GCC_WARN_UNUSED_VARIABLE = YES;
				IPHONEOS_DEPLOYMENT_TARGET = 16.2;
				MTL_ENABLE_DEBUG_INFO = INCLUDE_SOURCE;
				MTL_FAST_MATH = YES;
				ONLY_ACTIVE_ARCH = YES;
				SDKROOT = iphoneos;
				SWIFT_ACTIVE_COMPILATION_CONDITIONS = DEBUG;
				SWIFT_OPTIMIZATION_LEVEL = "-Onone";
			};
			name = Debug;
		};
		36E1DE5D2A126DF1000F54CA /* Release */ = {
			isa = XCBuildConfiguration;
			buildSettings = {
				ALWAYS_SEARCH_USER_PATHS = NO;
				CLANG_ANALYZER_NONNULL = YES;
				CLANG_ANALYZER_NUMBER_OBJECT_CONVERSION = YES_AGGRESSIVE;
				CLANG_CXX_LANGUAGE_STANDARD = "gnu++20";
				CLANG_ENABLE_MODULES = YES;
				CLANG_ENABLE_OBJC_ARC = YES;
				CLANG_ENABLE_OBJC_WEAK = YES;
				CLANG_WARN_BLOCK_CAPTURE_AUTORELEASING = YES;
				CLANG_WARN_BOOL_CONVERSION = YES;
				CLANG_WARN_COMMA = YES;
				CLANG_WARN_CONSTANT_CONVERSION = YES;
				CLANG_WARN_DEPRECATED_OBJC_IMPLEMENTATIONS = YES;
				CLANG_WARN_DIRECT_OBJC_ISA_USAGE = YES_ERROR;
				CLANG_WARN_DOCUMENTATION_COMMENTS = YES;
				CLANG_WARN_EMPTY_BODY = YES;
				CLANG_WARN_ENUM_CONVERSION = YES;
				CLANG_WARN_INFINITE_RECURSION = YES;
				CLANG_WARN_INT_CONVERSION = YES;
				CLANG_WARN_NON_LITERAL_NULL_CONVERSION = YES;
				CLANG_WARN_OBJC_IMPLICIT_RETAIN_SELF = YES;
				CLANG_WARN_OBJC_LITERAL_CONVERSION = YES;
				CLANG_WARN_OBJC_ROOT_CLASS = YES_ERROR;
				CLANG_WARN_QUOTED_INCLUDE_IN_FRAMEWORK_HEADER = YES;
				CLANG_WARN_RANGE_LOOP_ANALYSIS = YES;
				CLANG_WARN_STRICT_PROTOTYPES = YES;
				CLANG_WARN_SUSPICIOUS_MOVE = YES;
				CLANG_WARN_UNGUARDED_AVAILABILITY = YES_AGGRESSIVE;
				CLANG_WARN_UNREACHABLE_CODE = YES;
				CLANG_WARN__DUPLICATE_METHOD_MATCH = YES;
				COPY_PHASE_STRIP = NO;
				DEBUG_INFORMATION_FORMAT = "dwarf-with-dsym";
				ENABLE_NS_ASSERTIONS = NO;
				ENABLE_STRICT_OBJC_MSGSEND = YES;
				GCC_C_LANGUAGE_STANDARD = gnu11;
				GCC_NO_COMMON_BLOCKS = YES;
				GCC_WARN_64_TO_32_BIT_CONVERSION = YES;
				GCC_WARN_ABOUT_RETURN_TYPE = YES_ERROR;
				GCC_WARN_UNDECLARED_SELECTOR = YES;
				GCC_WARN_UNINITIALIZED_AUTOS = YES_AGGRESSIVE;
				GCC_WARN_UNUSED_FUNCTION = YES;
				GCC_WARN_UNUSED_VARIABLE = YES;
				IPHONEOS_DEPLOYMENT_TARGET = 16.2;
				MTL_ENABLE_DEBUG_INFO = NO;
				MTL_FAST_MATH = YES;
				SDKROOT = iphoneos;
				SWIFT_COMPILATION_MODE = wholemodule;
				SWIFT_OPTIMIZATION_LEVEL = "-O";
				VALIDATE_PRODUCT = YES;
			};
			name = Release;
		};
		36E1DE5F2A126DF1000F54CA /* Debug */ = {
			isa = XCBuildConfiguration;
			buildSettings = {
				ASSETCATALOG_COMPILER_APPICON_NAME = AppIcon;
				ASSETCATALOG_COMPILER_GLOBAL_ACCENT_COLOR_NAME = AccentColor;
				CODE_SIGN_STYLE = Automatic;
				CURRENT_PROJECT_VERSION = 1;
				DEVELOPMENT_ASSET_PATHS = "\"todoListiA/Preview Content\"";
				DEVELOPMENT_TEAM = 56GPYX4M8B;
				ENABLE_PREVIEWS = YES;
				GENERATE_INFOPLIST_FILE = YES;
				INFOPLIST_KEY_CFBundleDisplayName = "To Do List";
				INFOPLIST_KEY_UIApplicationSceneManifest_Generation = YES;
				INFOPLIST_KEY_UIApplicationSupportsIndirectInputEvents = YES;
				INFOPLIST_KEY_UILaunchScreen_Generation = YES;
				INFOPLIST_KEY_UISupportedInterfaceOrientations = UIInterfaceOrientationPortrait;
				INFOPLIST_KEY_UISupportedInterfaceOrientations_iPad = "UIInterfaceOrientationLandscapeLeft UIInterfaceOrientationLandscapeRight UIInterfaceOrientationPortrait UIInterfaceOrientationPortraitUpsideDown";
				LD_RUNPATH_SEARCH_PATHS = (
					"$(inherited)",
					"@executable_path/Frameworks",
				);
				MARKETING_VERSION = 1.0;
				PRODUCT_BUNDLE_IDENTIFIER = com.CanKanbur.todoListiA;
				PRODUCT_NAME = "$(TARGET_NAME)";
				SUPPORTED_PLATFORMS = "iphoneos iphonesimulator";
				SUPPORTS_MACCATALYST = NO;
				SUPPORTS_MAC_DESIGNED_FOR_IPHONE_IPAD = NO;
				SWIFT_EMIT_LOC_STRINGS = YES;
				SWIFT_VERSION = 5.0;
				TARGETED_DEVICE_FAMILY = 1;
			};
			name = Debug;
		};
		36E1DE602A126DF1000F54CA /* Release */ = {
			isa = XCBuildConfiguration;
			buildSettings = {
				ASSETCATALOG_COMPILER_APPICON_NAME = AppIcon;
				ASSETCATALOG_COMPILER_GLOBAL_ACCENT_COLOR_NAME = AccentColor;
				CODE_SIGN_STYLE = Automatic;
				CURRENT_PROJECT_VERSION = 1;
				DEVELOPMENT_ASSET_PATHS = "\"todoListiA/Preview Content\"";
				DEVELOPMENT_TEAM = 56GPYX4M8B;
				ENABLE_PREVIEWS = YES;
				GENERATE_INFOPLIST_FILE = YES;
				INFOPLIST_KEY_CFBundleDisplayName = "To Do List";
				INFOPLIST_KEY_UIApplicationSceneManifest_Generation = YES;
				INFOPLIST_KEY_UIApplicationSupportsIndirectInputEvents = YES;
				INFOPLIST_KEY_UILaunchScreen_Generation = YES;
				INFOPLIST_KEY_UISupportedInterfaceOrientations = UIInterfaceOrientationPortrait;
				INFOPLIST_KEY_UISupportedInterfaceOrientations_iPad = "UIInterfaceOrientationLandscapeLeft UIInterfaceOrientationLandscapeRight UIInterfaceOrientationPortrait UIInterfaceOrientationPortraitUpsideDown";
				LD_RUNPATH_SEARCH_PATHS = (
					"$(inherited)",
					"@executable_path/Frameworks",
				);
				MARKETING_VERSION = 1.0;
				PRODUCT_BUNDLE_IDENTIFIER = com.CanKanbur.todoListiA;
				PRODUCT_NAME = "$(TARGET_NAME)";
				SUPPORTED_PLATFORMS = "iphoneos iphonesimulator";
				SUPPORTS_MACCATALYST = NO;
				SUPPORTS_MAC_DESIGNED_FOR_IPHONE_IPAD = NO;
				SWIFT_EMIT_LOC_STRINGS = YES;
				SWIFT_VERSION = 5.0;
				TARGETED_DEVICE_FAMILY = 1;
			};
			name = Release;
		};
/* End XCBuildConfiguration section */

/* Begin XCConfigurationList section */
		36E1DE4B2A126DEF000F54CA /* Build configuration list for PBXProject "todoListiA" */ = {
			isa = XCConfigurationList;
			buildConfigurations = (
				36E1DE5C2A126DF1000F54CA /* Debug */,
				36E1DE5D2A126DF1000F54CA /* Release */,
			);
			defaultConfigurationIsVisible = 0;
			defaultConfigurationName = Release;
		};
		36E1DE5E2A126DF1000F54CA /* Build configuration list for PBXNativeTarget "todoListiA" */ = {
			isa = XCConfigurationList;
			buildConfigurations = (
				36E1DE5F2A126DF1000F54CA /* Debug */,
				36E1DE602A126DF1000F54CA /* Release */,
			);
			defaultConfigurationIsVisible = 0;
			defaultConfigurationName = Release;
		};
/* End XCConfigurationList section */

/* Begin XCRemoteSwiftPackageReference section */
		36E1DE612A126E49000F54CA /* XCRemoteSwiftPackageReference "firebase-ios-sdk" */ = {
			isa = XCRemoteSwiftPackageReference;
			repositoryURL = "https://github.com/firebase/firebase-ios-sdk";
			requirement = {
				branch = master;
				kind = branch;
			};
		};
/* End XCRemoteSwiftPackageReference section */

/* Begin XCSwiftPackageProductDependency section */
		36E1DE622A126E49000F54CA /* FirebaseAuth */ = {
			isa = XCSwiftPackageProductDependency;
			package = 36E1DE612A126E49000F54CA /* XCRemoteSwiftPackageReference "firebase-ios-sdk" */;
			productName = FirebaseAuth;
		};
		36E1DE642A126E49000F54CA /* FirebaseFirestore */ = {
			isa = XCSwiftPackageProductDependency;
			package = 36E1DE612A126E49000F54CA /* XCRemoteSwiftPackageReference "firebase-ios-sdk" */;
			productName = FirebaseFirestore;
		};
		36E1DE662A126E49000F54CA /* FirebaseFirestoreSwift */ = {
			isa = XCSwiftPackageProductDependency;
			package = 36E1DE612A126E49000F54CA /* XCRemoteSwiftPackageReference "firebase-ios-sdk" */;
			productName = FirebaseFirestoreSwift;
		};
/* End XCSwiftPackageProductDependency section */
	};
	rootObject = 36E1DE482A126DEF000F54CA /* Project object */;
}
